
Microsoft Visual Studio Solution File, Format Version 12.00
# Visual Studio Version 16
VisualStudioVersion = 16.0.29905.134
MinimumVisualStudioVersion = 10.0.40219.1
Project("{FAE04EC0-301F-11D3-BF4B-00C04F79EFBC}") = "FirstCoreWebApplication", "FirstCoreWebApplication.csproj", "{676A8503-235D-4787-9F74-D009561C85F5}"
EndProject
Global
	GlobalSection(SolutionConfigurationPlatforms) = preSolution
		Debug|Any CPU = Debug|Any CPU
		Release|Any CPU = Release|Any CPU
	EndGlobalSection
	GlobalSection(ProjectConfigurationPlatforms) = postSolution
		{676A8503-235D-4787-9F74-D009561C85F5}.Debug|Any CPU.ActiveCfg = Debug|Any CPU
		{676A8503-235D-4787-9F74-D009561C85F5}.Debug|Any CPU.Build.0 = Debug|Any CPU
		{676A8503-235D-4787-9F74-D009561C85F5}.Release|Any CPU.ActiveCfg = Release|Any CPU
		{676A8503-235D-4787-9F74-D009561C85F5}.Release|Any CPU.Build.0 = Release|Any CPU
	EndGlobalSection
	GlobalSection(SolutionProperties) = preSolution
		HideSolutionNode = FALSE
	EndGlobalSection
	GlobalSection(ExtensibilityGlobals) = postSolution
		SolutionGuid = {F41C836E-5427-42CF-B22F-DB45324DC572}
	EndGlobalSection
EndGlobal
